# This file is generated by running "yarn install" inside your project.
# Manual changes might be lost - proceed with caution!

__metadata:
  version: 8
  cacheKey: 10c0

"@types/node@npm:^20.11.19":
  version: 20.17.25
  resolution: "@types/node@npm:20.17.25"
  dependencies:
    undici-types: "npm:~6.19.2"
  checksum: 10c0/9c9267ab1c4c4964a6d59076fa495321bbe69f36c4f4e95664c08f2712f401aa082fd41abfdd20d81df62377ce22f71f6de430af3f475f8a4de807b716480e08
  languageName: node
  linkType: hard

"rhubarb-lip-sync-wasm@workspace:.":
  version: 0.0.0-use.local
  resolution: "rhubarb-lip-sync-wasm@workspace:."
  dependencies:
    "@types/node": "npm:^20.11.19"
    typescript: "npm:^5.3.3"
  languageName: unknown
  linkType: soft

"typescript@npm:^5.3.3":
  version: 5.8.2
  resolution: "typescript@npm:5.8.2"
  bin:
    tsc: bin/tsc
    tsserver: bin/tsserver
  checksum: 10c0/5c4f6fbf1c6389b6928fe7b8fcd5dc73bb2d58cd4e3883f1d774ed5bd83b151cbac6b7ecf11723de56d4676daeba8713894b1e9af56174f2f9780ae7848ec3c6
  languageName: node
  linkType: hard

"typescript@patch:typescript@npm%3A^5.3.3#optional!builtin<compat/typescript>":
  version: 5.8.2
  resolution: "typescript@patch:typescript@npm%3A5.8.2#optional!builtin<compat/typescript>::version=5.8.2&hash=74658d"
  bin:
    tsc: bin/tsc
    tsserver: bin/tsserver
  checksum: 10c0/8a6cd29dfb59bd5a978407b93ae0edb530ee9376a5b95a42ad057a6f80ffb0c410489ccd6fe48d1d0dfad6e8adf5d62d3874bbd251f488ae30e11a1ce6dabd28
  languageName: node
  linkType: hard

"undici-types@npm:~6.19.2":
  version: 6.19.8
  resolution: "undici-types@npm:6.19.8"
  checksum: 10c0/078afa5990fba110f6824823ace86073b4638f1d5112ee26e790155f481f2a868cc3e0615505b6f4282bdf74a3d8caad715fd809e870c2bb0704e3ea6082f344
  languageName: node
  linkType: hard
